
Microsoft Visual Studio Solution File, Format Version 12.00
# Visual Studio 15
VisualStudioVersion = 15.0.28307.489
MinimumVisualStudioVersion = 10.0.40219.1
Project("{8BC9CEB8-8B4A-11D0-8D11-00A0C91BC942}") = "Project3", "Project3\Project3.vcxproj", "{8DA81F2D-D12E-45A0-BB10-38AA5FDEB3CC}"
EndProject
Global
	GlobalSection(SolutionConfigurationPlatforms) = preSolution
		Debug|x64 = Debug|x64
		Debug|x86 = Debug|x86
		Release|x64 = Release|x64
		Release|x86 = Release|x86
	EndGlobalSection
	GlobalSection(ProjectConfigurationPlatforms) = postSolution
		{8DA81F2D-D12E-45A0-BB10-38AA5FDEB3CC}.Debug|x64.ActiveCfg = Debug|x64
		{8DA81F2D-D12E-45A0-BB10-38AA5FDEB3CC}.Debug|x64.Build.0 = Debug|x64
		{8DA81F2D-D12E-45A0-BB10-38AA5FDEB3CC}.Debug|x86.ActiveCfg = Debug|Win32
		{8DA81F2D-D12E-45A0-BB10-38AA5FDEB3CC}.Debug|x86.Build.0 = Debug|Win32
		{8DA81F2D-D12E-45A0-BB10-38AA5FDEB3CC}.Release|x64.ActiveCfg = Release|x64
		{8DA81F2D-D12E-45A0-BB10-38AA5FDEB3CC}.Release|x64.Build.0 = Release|x64
		{8DA81F2D-D12E-45A0-BB10-38AA5FDEB3CC}.Release|x86.ActiveCfg = Release|Win32
		{8DA81F2D-D12E-45A0-BB10-38AA5FDEB3CC}.Release|x86.Build.0 = Release|Win32
	EndGlobalSection
	GlobalSection(SolutionProperties) = preSolution
		HideSolutionNode = FALSE
	EndGlobalSection
	GlobalSection(ExtensibilityGlobals) = postSolution
		SolutionGuid = {8F111736-417B-4517-B1F7-F5C812F5EA9D}
	EndGlobalSection
EndGlobal
