
Microsoft Visual Studio Solution File, Format Version 12.00
# Visual Studio 15
VisualStudioVersion = 15.0.28307.572
MinimumVisualStudioVersion = 10.0.40219.1
Project("{8BC9CEB8-8B4A-11D0-8D11-00A0C91BC942}") = "Project2", "Project2\Project2.vcxproj", "{1B81818E-BE67-4F60-B0A7-CBF975B720AE}"
EndProject
Global
	GlobalSection(SolutionConfigurationPlatforms) = preSolution
		Debug|x64 = Debug|x64
		Debug|x86 = Debug|x86
		Release|x64 = Release|x64
		Release|x86 = Release|x86
	EndGlobalSection
	GlobalSection(ProjectConfigurationPlatforms) = postSolution
		{1B81818E-BE67-4F60-B0A7-CBF975B720AE}.Debug|x64.ActiveCfg = Debug|x64
		{1B81818E-BE67-4F60-B0A7-CBF975B720AE}.Debug|x64.Build.0 = Debug|x64
		{1B81818E-BE67-4F60-B0A7-CBF975B720AE}.Debug|x86.ActiveCfg = Debug|Win32
		{1B81818E-BE67-4F60-B0A7-CBF975B720AE}.Debug|x86.Build.0 = Debug|Win32
		{1B81818E-BE67-4F60-B0A7-CBF975B720AE}.Release|x64.ActiveCfg = Release|x64
		{1B81818E-BE67-4F60-B0A7-CBF975B720AE}.Release|x64.Build.0 = Release|x64
		{1B81818E-BE67-4F60-B0A7-CBF975B720AE}.Release|x86.ActiveCfg = Release|Win32
		{1B81818E-BE67-4F60-B0A7-CBF975B720AE}.Release|x86.Build.0 = Release|Win32
	EndGlobalSection
	GlobalSection(SolutionProperties) = preSolution
		HideSolutionNode = FALSE
	EndGlobalSection
	GlobalSection(ExtensibilityGlobals) = postSolution
		SolutionGuid = {4E12B7C5-8493-426D-9ED4-AD3E4044A564}
	EndGlobalSection
EndGlobal
