
Microsoft Visual Studio Solution File, Format Version 12.00
# Visual Studio 15
VisualStudioVersion = 15.0.28307.168
MinimumVisualStudioVersion = 10.0.40219.1
Project("{8BC9CEB8-8B4A-11D0-8D11-00A0C91BC942}") = "Project_7", "Project_7\Project_7.vcxproj", "{E44954C5-1879-4181-A796-50864A5C6AAA}"
EndProject
Global
	GlobalSection(SolutionConfigurationPlatforms) = preSolution
		Debug|x64 = Debug|x64
		Debug|x86 = Debug|x86
		Release|x64 = Release|x64
		Release|x86 = Release|x86
	EndGlobalSection
	GlobalSection(ProjectConfigurationPlatforms) = postSolution
		{E44954C5-1879-4181-A796-50864A5C6AAA}.Debug|x64.ActiveCfg = Debug|x64
		{E44954C5-1879-4181-A796-50864A5C6AAA}.Debug|x64.Build.0 = Debug|x64
		{E44954C5-1879-4181-A796-50864A5C6AAA}.Debug|x86.ActiveCfg = Debug|Win32
		{E44954C5-1879-4181-A796-50864A5C6AAA}.Debug|x86.Build.0 = Debug|Win32
		{E44954C5-1879-4181-A796-50864A5C6AAA}.Release|x64.ActiveCfg = Release|x64
		{E44954C5-1879-4181-A796-50864A5C6AAA}.Release|x64.Build.0 = Release|x64
		{E44954C5-1879-4181-A796-50864A5C6AAA}.Release|x86.ActiveCfg = Release|Win32
		{E44954C5-1879-4181-A796-50864A5C6AAA}.Release|x86.Build.0 = Release|Win32
	EndGlobalSection
	GlobalSection(SolutionProperties) = preSolution
		HideSolutionNode = FALSE
	EndGlobalSection
	GlobalSection(ExtensibilityGlobals) = postSolution
		SolutionGuid = {C6092AF9-EE69-4D3B-9865-E5C685593A72}
	EndGlobalSection
EndGlobal
