
Microsoft Visual Studio Solution File, Format Version 12.00
# Visual Studio 15
VisualStudioVersion = 15.0.28307.421
MinimumVisualStudioVersion = 10.0.40219.1
Project("{8BC9CEB8-8B4A-11D0-8D11-00A0C91BC942}") = "Project_2", "Project_2\Project_2.vcxproj", "{73832989-45F8-4819-AAFE-C278FC282DC4}"
EndProject
Global
	GlobalSection(SolutionConfigurationPlatforms) = preSolution
		Debug|x64 = Debug|x64
		Debug|x86 = Debug|x86
		Release|x64 = Release|x64
		Release|x86 = Release|x86
	EndGlobalSection
	GlobalSection(ProjectConfigurationPlatforms) = postSolution
		{73832989-45F8-4819-AAFE-C278FC282DC4}.Debug|x64.ActiveCfg = Debug|x64
		{73832989-45F8-4819-AAFE-C278FC282DC4}.Debug|x64.Build.0 = Debug|x64
		{73832989-45F8-4819-AAFE-C278FC282DC4}.Debug|x86.ActiveCfg = Debug|Win32
		{73832989-45F8-4819-AAFE-C278FC282DC4}.Debug|x86.Build.0 = Debug|Win32
		{73832989-45F8-4819-AAFE-C278FC282DC4}.Release|x64.ActiveCfg = Release|x64
		{73832989-45F8-4819-AAFE-C278FC282DC4}.Release|x64.Build.0 = Release|x64
		{73832989-45F8-4819-AAFE-C278FC282DC4}.Release|x86.ActiveCfg = Release|Win32
		{73832989-45F8-4819-AAFE-C278FC282DC4}.Release|x86.Build.0 = Release|Win32
	EndGlobalSection
	GlobalSection(SolutionProperties) = preSolution
		HideSolutionNode = FALSE
	EndGlobalSection
	GlobalSection(ExtensibilityGlobals) = postSolution
		SolutionGuid = {2F2BCD1D-8661-475B-9A0A-FEC3DF8AAFAF}
	EndGlobalSection
EndGlobal
